// !$*UTF8*$!
{
	archiveVersion = 1;
	classes = {
	};
	objectVersion = 46;
	objects = {

/* Begin PBXBuildFile section */
		9F0600841ED756ED00FB7B45 /* EditingDelegate.swift in Sources */ = {isa = PBXBuildFile; fileRef = 9F0600831ED756ED00FB7B45 /* EditingDelegate.swift */; };
		9F0600861ED75C3000FB7B45 /* TableViewCell.swift in Sources */ = {isa = PBXBuildFile; fileRef = 9F0600851ED75C3000FB7B45 /* TableViewCell.swift */; };
		9F5EEABA1ED74DDD004644AE /* AddingDelegate.swift in Sources */ = {isa = PBXBuildFile; fileRef = 9F5EEAB91ED74DDD004644AE /* AddingDelegate.swift */; };
		9F998D921ED7462B0090680D /* AppDelegate.swift in Sources */ = {isa = PBXBuildFile; fileRef = 9F998D911ED7462B0090680D /* AppDelegate.swift */; };
		9F998D971ED7462B0090680D /* Main.storyboard in Resources */ = {isa = PBXBuildFile; fileRef = 9F998D951ED7462B0090680D /* Main.storyboard */; };
		9F998D9A1ED7462B0090680D /* BeltExam.xcdatamodeld in Sources */ = {isa = PBXBuildFile; fileRef = 9F998D981ED7462B0090680D /* BeltExam.xcdatamodeld */; };
		9F998D9C1ED7462B0090680D /* Assets.xcassets in Resources */ = {isa = PBXBuildFile; fileRef = 9F998D9B1ED7462B0090680D /* Assets.xcassets */; };
		9F998D9F1ED7462B0090680D /* LaunchScreen.storyboard in Resources */ = {isa = PBXBuildFile; fileRef = 9F998D9D1ED7462B0090680D /* LaunchScreen.storyboard */; };
		9F998DA71ED746A70090680D /* TableViewController.swift in Sources */ = {isa = PBXBuildFile; fileRef = 9F998DA61ED746A70090680D /* TableViewController.swift */; };
		9F998DA91ED748230090680D /* MyViewController.swift in Sources */ = {isa = PBXBuildFile; fileRef = 9F998DA81ED748230090680D /* MyViewController.swift */; };
/* End PBXBuildFile section */

/* Begin PBXFileReference section */
		9F0600831ED756ED00FB7B45 /* EditingDelegate.swift */ = {isa = PBXFileReference; fileEncoding = 4; lastKnownFileType = sourcecode.swift; path = EditingDelegate.swift; sourceTree = "<group>"; };
		9F0600851ED75C3000FB7B45 /* TableViewCell.swift */ = {isa = PBXFileReference; fileEncoding = 4; lastKnownFileType = sourcecode.swift; path = TableViewCell.swift; sourceTree = "<group>"; };
		9F5EEAB91ED74DDD004644AE /* AddingDelegate.swift */ = {isa = PBXFileReference; fileEncoding = 4; lastKnownFileType = sourcecode.swift; path = AddingDelegate.swift; sourceTree = "<group>"; };
		9F998D8E1ED7462B0090680D /* BeltExam.app */ = {isa = PBXFileReference; explicitFileType = wrapper.application; includeInIndex = 0; path = BeltExam.app; sourceTree = BUILT_PRODUCTS_DIR; };
		9F998D911ED7462B0090680D /* AppDelegate.swift */ = {isa = PBXFileReference; lastKnownFileType = sourcecode.swift; path = AppDelegate.swift; sourceTree = "<group>"; };
		9F998D961ED7462B0090680D /* Base */ = {isa = PBXFileReference; lastKnownFileType = file.storyboard; name = Base; path = Base.lproj/Main.storyboard; sourceTree = "<group>"; };
		9F998D991ED7462B0090680D /* BeltExam.xcdatamodel */ = {isa = PBXFileReference; lastKnownFileType = wrapper.xcdatamodel; path = BeltExam.xcdatamodel; sourceTree = "<group>"; };
		9F998D9B1ED7462B0090680D /* Assets.xcassets */ = {isa = PBXFileReference; lastKnownFileType = folder.assetcatalog; path = Assets.xcassets; sourceTree = "<group>"; };
		9F998D9E1ED7462B0090680D /* Base */ = {isa = PBXFileReference; lastKnownFileType = file.storyboard; name = Base; path = Base.lproj/LaunchScreen.storyboard; sourceTree = "<group>"; };
		9F998DA01ED7462B0090680D /* Info.plist */ = {isa = PBXFileReference; lastKnownFileType = text.plist.xml; path = Info.plist; sourceTree = "<group>"; };
		9F998DA61ED746A70090680D /* TableViewController.swift */ = {isa = PBXFileReference; fileEncoding = 4; lastKnownFileType = sourcecode.swift; path = TableViewController.swift; sourceTree = "<group>"; };
		9F998DA81ED748230090680D /* MyViewController.swift */ = {isa = PBXFileReference; fileEncoding = 4; lastKnownFileType = sourcecode.swift; path = MyViewController.swift; sourceTree = "<group>"; };
/* End PBXFileReference section */

/* Begin PBXFrameworksBuildPhase section */
		9F998D8B1ED7462B0090680D /* Frameworks */ = {
			isa = PBXFrameworksBuildPhase;
			buildActionMask = 2147483647;
			files = (
			);
			runOnlyForDeploymentPostprocessing = 0;
		};
/* End PBXFrameworksBuildPhase section */

/* Begin PBXGroup section */
		9F998D851ED7462B0090680D = {
			isa = PBXGroup;
			children = (
				9F998D901ED7462B0090680D /* BeltExam */,
				9F998D8F1ED7462B0090680D /* Products */,
			);
			sourceTree = "<group>";
		};
		9F998D8F1ED7462B0090680D /* Products */ = {
			isa = PBXGroup;
			children = (
				9F998D8E1ED7462B0090680D /* BeltExam.app */,
			);
			name = Products;
			sourceTree = "<group>";
		};
		9F998D901ED7462B0090680D /* BeltExam */ = {
			isa = PBXGroup;
			children = (
				9F998D911ED7462B0090680D /* AppDelegate.swift */,
				9F998DA61ED746A70090680D /* TableViewController.swift */,
				9F998DA81ED748230090680D /* MyViewController.swift */,
				9F998D951ED7462B0090680D /* Main.storyboard */,
				9F998D9B1ED7462B0090680D /* Assets.xcassets */,
				9F998D9D1ED7462B0090680D /* LaunchScreen.storyboard */,
				9F998DA01ED7462B0090680D /* Info.plist */,
				9F998D981ED7462B0090680D /* BeltExam.xcdatamodeld */,
				9F5EEAB91ED74DDD004644AE /* AddingDelegate.swift */,
				9F0600831ED756ED00FB7B45 /* EditingDelegate.swift */,
				9F0600851ED75C3000FB7B45 /* TableViewCell.swift */,
			);
			path = BeltExam;
			sourceTree = "<group>";
		};
/* End PBXGroup section */

/* Begin PBXNativeTarget section */
		9F998D8D1ED7462B0090680D /* BeltExam */ = {
			isa = PBXNativeTarget;
			buildConfigurationList = 9F998DA31ED7462B0090680D /* Build configuration list for PBXNativeTarget "BeltExam" */;
			buildPhases = (
				9F998D8A1ED7462B0090680D /* Sources */,
				9F998D8B1ED7462B0090680D /* Frameworks */,
				9F998D8C1ED7462B0090680D /* Resources */,
			);
			buildRules = (
			);
			dependencies = (
			);
			name = BeltExam;
			productName = BeltExam;
			productReference = 9F998D8E1ED7462B0090680D /* BeltExam.app */;
			productType = "com.apple.product-type.application";
		};
/* End PBXNativeTarget section */

/* Begin PBXProject section */
		9F998D861ED7462B0090680D /* Project object */ = {
			isa = PBXProject;
			attributes = {
				LastSwiftUpdateCheck = 0830;
				LastUpgradeCheck = 0830;
				ORGANIZATIONNAME = "Ryan Holstein";
				TargetAttributes = {
					9F998D8D1ED7462B0090680D = {
						CreatedOnToolsVersion = 8.3.2;
						ProvisioningStyle = Automatic;
					};
				};
			};
			buildConfigurationList = 9F998D891ED7462B0090680D /* Build configuration list for PBXProject "BeltExam" */;
			compatibilityVersion = "Xcode 3.2";
			developmentRegion = English;
			hasScannedForEncodings = 0;
			knownRegions = (
				en,
				Base,
			);
			mainGroup = 9F998D851ED7462B0090680D;
			productRefGroup = 9F998D8F1ED7462B0090680D /* Products */;
			projectDirPath = "";
			projectRoot = "";
			targets = (
				9F998D8D1ED7462B0090680D /* BeltExam */,
			);
		};
/* End PBXProject section */

/* Begin PBXResourcesBuildPhase section */
		9F998D8C1ED7462B0090680D /* Resources */ = {
			isa = PBXResourcesBuildPhase;
			buildActionMask = 2147483647;
			files = (
				9F998D9F1ED7462B0090680D /* LaunchScreen.storyboard in Resources */,
				9F998D9C1ED7462B0090680D /* Assets.xcassets in Resources */,
				9F998D971ED7462B0090680D /* Main.storyboard in Resources */,
			);
			runOnlyForDeploymentPostprocessing = 0;
		};
/* End PBXResourcesBuildPhase section */

/* Begin PBXSourcesBuildPhase section */
		9F998D8A1ED7462B0090680D /* Sources */ = {
			isa = PBXSourcesBuildPhase;
			buildActionMask = 2147483647;
			files = (
				9F998D921ED7462B0090680D /* AppDelegate.swift in Sources */,
				9F5EEABA1ED74DDD004644AE /* AddingDelegate.swift in Sources */,
				9F998DA71ED746A70090680D /* TableViewController.swift in Sources */,
				9F998DA91ED748230090680D /* MyViewController.swift in Sources */,
				9F998D9A1ED7462B0090680D /* BeltExam.xcdatamodeld in Sources */,
				9F0600861ED75C3000FB7B45 /* TableViewCell.swift in Sources */,
				9F0600841ED756ED00FB7B45 /* EditingDelegate.swift in Sources */,
			);
			runOnlyForDeploymentPostprocessing = 0;
		};
/* End PBXSourcesBuildPhase section */

/* Begin PBXVariantGroup section */
		9F998D951ED7462B0090680D /* Main.storyboard */ = {
			isa = PBXVariantGroup;
			children = (
				9F998D961ED7462B0090680D /* Base */,
			);
			name = Main.storyboard;
			sourceTree = "<group>";
		};
		9F998D9D1ED7462B0090680D /* LaunchScreen.storyboard */ = {
			isa = PBXVariantGroup;
			children = (
				9F998D9E1ED7462B0090680D /* Base */,
			);
			name = LaunchScreen.storyboard;
			sourceTree = "<group>";
		};
/* End PBXVariantGroup section */

/* Begin XCBuildConfiguration section */
		9F998DA11ED7462B0090680D /* Debug */ = {
			isa = XCBuildConfiguration;
			buildSettings = {
				ALWAYS_SEARCH_USER_PATHS = NO;
				CLANG_ANALYZER_NONNULL = YES;
				CLANG_ANALYZER_NUMBER_OBJECT_CONVERSION = YES_AGGRESSIVE;
				CLANG_CXX_LANGUAGE_STANDARD = "gnu++0x";
				CLANG_CXX_LIBRARY = "libc++";
				CLANG_ENABLE_MODULES = YES;
				CLANG_ENABLE_OBJC_ARC = YES;
				CLANG_WARN_BOOL_CONVERSION = YES;
				CLANG_WARN_CONSTANT_CONVERSION = YES;
				CLANG_WARN_DIRECT_OBJC_ISA_USAGE = YES_ERROR;
				CLANG_WARN_DOCUMENTATION_COMMENTS = YES;
				CLANG_WARN_EMPTY_BODY = YES;
				CLANG_WARN_ENUM_CONVERSION = YES;
				CLANG_WARN_INFINITE_RECURSION = YES;
				CLANG_WARN_INT_CONVERSION = YES;
				CLANG_WARN_OBJC_ROOT_CLASS = YES_ERROR;
				CLANG_WARN_SUSPICIOUS_MOVE = YES;
				CLANG_WARN_UNREACHABLE_CODE = YES;
				CLANG_WARN__DUPLICATE_METHOD_MATCH = YES;
				"CODE_SIGN_IDENTITY[sdk=iphoneos*]" = "iPhone Developer";
				COPY_PHASE_STRIP = NO;
				DEBUG_INFORMATION_FORMAT = dwarf;
				ENABLE_STRICT_OBJC_MSGSEND = YES;
				ENABLE_TESTABILITY = YES;
				GCC_C_LANGUAGE_STANDARD = gnu99;
				GCC_DYNAMIC_NO_PIC = NO;
				GCC_NO_COMMON_BLOCKS = YES;
				GCC_OPTIMIZATION_LEVEL = 0;
				GCC_PREPROCESSOR_DEFINITIONS = (
					"DEBUG=1",
					"$(inherited)",
				);
				GCC_WARN_64_TO_32_BIT_CONVERSION = YES;
				GCC_WARN_ABOUT_RETURN_TYPE = YES_ERROR;
				GCC_WARN_UNDECLARED_SELECTOR = YES;
				GCC_WARN_UNINITIALIZED_AUTOS = YES_AGGRESSIVE;
				GCC_WARN_UNUSED_FUNCTION = YES;
				GCC_WARN_UNUSED_VARIABLE = YES;
				IPHONEOS_DEPLOYMENT_TARGET = 10.3;
				MTL_ENABLE_DEBUG_INFO = YES;
				ONLY_ACTIVE_ARCH = YES;
				SDKROOT = iphoneos;
				SWIFT_ACTIVE_COMPILATION_CONDITIONS = DEBUG;
				SWIFT_OPTIMIZATION_LEVEL = "-Onone";
				TARGETED_DEVICE_FAMILY = "1,2";
			};
			name = Debug;
		};
		9F998DA21ED7462B0090680D /* Release */ = {
			isa = XCBuildConfiguration;
			buildSettings = {
				ALWAYS_SEARCH_USER_PATHS = NO;
				CLANG_ANALYZER_NONNULL = YES;
				CLANG_ANALYZER_NUMBER_OBJECT_CONVERSION = YES_AGGRESSIVE;
				CLANG_CXX_LANGUAGE_STANDARD = "gnu++0x";
				CLANG_CXX_LIBRARY = "libc++";
				CLANG_ENABLE_MODULES = YES;
				CLANG_ENABLE_OBJC_ARC = YES;
				CLANG_WARN_BOOL_CONVERSION = YES;
				CLANG_WARN_CONSTANT_CONVERSION = YES;
				CLANG_WARN_DIRECT_OBJC_ISA_USAGE = YES_ERROR;
				CLANG_WARN_DOCUMENTATION_COMMENTS = YES;
				CLANG_WARN_EMPTY_BODY = YES;
				CLANG_WARN_ENUM_CONVERSION = YES;
				CLANG_WARN_INFINITE_RECURSION = YES;
				CLANG_WARN_INT_CONVERSION = YES;
				CLANG_WARN_OBJC_ROOT_CLASS = YES_ERROR;
				CLANG_WARN_SUSPICIOUS_MOVE = YES;
				CLANG_WARN_UNREACHABLE_CODE = YES;
				CLANG_WARN__DUPLICATE_METHOD_MATCH = YES;
				"CODE_SIGN_IDENTITY[sdk=iphoneos*]" = "iPhone Developer";
				COPY_PHASE_STRIP = NO;
				DEBUG_INFORMATION_FORMAT = "dwarf-with-dsym";
				ENABLE_NS_ASSERTIONS = NO;
				ENABLE_STRICT_OBJC_MSGSEND = YES;
				GCC_C_LANGUAGE_STANDARD = gnu99;
				GCC_NO_COMMON_BLOCKS = YES;
				GCC_WARN_64_TO_32_BIT_CONVERSION = YES;
				GCC_WARN_ABOUT_RETURN_TYPE = YES_ERROR;
				GCC_WARN_UNDECLARED_SELECTOR = YES;
				GCC_WARN_UNINITIALIZED_AUTOS = YES_AGGRESSIVE;
				GCC_WARN_UNUSED_FUNCTION = YES;
				GCC_WARN_UNUSED_VARIABLE = YES;
				IPHONEOS_DEPLOYMENT_TARGET = 10.3;
				MTL_ENABLE_DEBUG_INFO = NO;
				SDKROOT = iphoneos;
				SWIFT_OPTIMIZATION_LEVEL = "-Owholemodule";
				TARGETED_DEVICE_FAMILY = "1,2";
				VALIDATE_PRODUCT = YES;
			};
			name = Release;
		};
		9F998DA41ED7462B0090680D /* Debug */ = {
			isa = XCBuildConfiguration;
			buildSettings = {
				ASSETCATALOG_COMPILER_APPICON_NAME = AppIcon;
				INFOPLIST_FILE = BeltExam/Info.plist;
				LD_RUNPATH_SEARCH_PATHS = "$(inherited) @executable_path/Frameworks";
				PRODUCT_BUNDLE_IDENTIFIER = codingDojo.BeltExam;
				PRODUCT_NAME = "$(TARGET_NAME)";
				SWIFT_VERSION = 3.0;
			};
			name = Debug;
		};
		9F998DA51ED7462B0090680D /* Release */ = {
			isa = XCBuildConfiguration;
			buildSettings = {
				ASSETCATALOG_COMPILER_APPICON_NAME = AppIcon;
				INFOPLIST_FILE = BeltExam/Info.plist;
				LD_RUNPATH_SEARCH_PATHS = "$(inherited) @executable_path/Frameworks";
				PRODUCT_BUNDLE_IDENTIFIER = codingDojo.BeltExam;
				PRODUCT_NAME = "$(TARGET_NAME)";
				SWIFT_VERSION = 3.0;
			};
			name = Release;
		};
/* End XCBuildConfiguration section */

/* Begin XCConfigurationList section */
		9F998D891ED7462B0090680D /* Build configuration list for PBXProject "BeltExam" */ = {
			isa = XCConfigurationList;
			buildConfigurations = (
				9F998DA11ED7462B0090680D /* Debug */,
				9F998DA21ED7462B0090680D /* Release */,
			);
			defaultConfigurationIsVisible = 0;
			defaultConfigurationName = Release;
		};
		9F998DA31ED7462B0090680D /* Build configuration list for PBXNativeTarget "BeltExam" */ = {
			isa = XCConfigurationList;
			buildConfigurations = (
				9F998DA41ED7462B0090680D /* Debug */,
				9F998DA51ED7462B0090680D /* Release */,
			);
			defaultConfigurationIsVisible = 0;
			defaultConfigurationName = Release;
		};
/* End XCConfigurationList section */

/* Begin XCVersionGroup section */
		9F998D981ED7462B0090680D /* BeltExam.xcdatamodeld */ = {
			isa = XCVersionGroup;
			children = (
				9F998D991ED7462B0090680D /* BeltExam.xcdatamodel */,
			);
			currentVersion = 9F998D991ED7462B0090680D /* BeltExam.xcdatamodel */;
			path = BeltExam.xcdatamodeld;
			sourceTree = "<group>";
			versionGroupType = wrapper.xcdatamodel;
		};
/* End XCVersionGroup section */
	};
	rootObject = 9F998D861ED7462B0090680D /* Project object */;
}
