// !$*UTF8*$!
{
	archiveVersion = 1;
	classes = {
	};
	objectVersion = 46;
	objects = {

/* Begin PBXBuildFile section */
		9FC5170D1ECAB605006BC8D2 /* AppDelegate.swift in Sources */ = {isa = PBXBuildFile; fileRef = 9FC5170C1ECAB605006BC8D2 /* AppDelegate.swift */; };
		9FC5170F1ECAB605006BC8D2 /* ViewController.swift in Sources */ = {isa = PBXBuildFile; fileRef = 9FC5170E1ECAB605006BC8D2 /* ViewController.swift */; };
		9FC517121ECAB605006BC8D2 /* Main.storyboard in Resources */ = {isa = PBXBuildFile; fileRef = 9FC517101ECAB605006BC8D2 /* Main.storyboard */; };
		9FC517141ECAB605006BC8D2 /* Assets.xcassets in Resources */ = {isa = PBXBuildFile; fileRef = 9FC517131ECAB605006BC8D2 /* Assets.xcassets */; };
		9FC517171ECAB605006BC8D2 /* LaunchScreen.storyboard in Resources */ = {isa = PBXBuildFile; fileRef = 9FC517151ECAB605006BC8D2 /* LaunchScreen.storyboard */; };
/* End PBXBuildFile section */

/* Begin PBXFileReference section */
		9FC517091ECAB605006BC8D2 /* beastbutton.app */ = {isa = PBXFileReference; explicitFileType = wrapper.application; includeInIndex = 0; path = beastbutton.app; sourceTree = BUILT_PRODUCTS_DIR; };
		9FC5170C1ECAB605006BC8D2 /* AppDelegate.swift */ = {isa = PBXFileReference; lastKnownFileType = sourcecode.swift; path = AppDelegate.swift; sourceTree = "<group>"; };
		9FC5170E1ECAB605006BC8D2 /* ViewController.swift */ = {isa = PBXFileReference; lastKnownFileType = sourcecode.swift; path = ViewController.swift; sourceTree = "<group>"; };
		9FC517111ECAB605006BC8D2 /* Base */ = {isa = PBXFileReference; lastKnownFileType = file.storyboard; name = Base; path = Base.lproj/Main.storyboard; sourceTree = "<group>"; };
		9FC517131ECAB605006BC8D2 /* Assets.xcassets */ = {isa = PBXFileReference; lastKnownFileType = folder.assetcatalog; path = Assets.xcassets; sourceTree = "<group>"; };
		9FC517161ECAB605006BC8D2 /* Base */ = {isa = PBXFileReference; lastKnownFileType = file.storyboard; name = Base; path = Base.lproj/LaunchScreen.storyboard; sourceTree = "<group>"; };
		9FC517181ECAB605006BC8D2 /* Info.plist */ = {isa = PBXFileReference; lastKnownFileType = text.plist.xml; path = Info.plist; sourceTree = "<group>"; };
/* End PBXFileReference section */

/* Begin PBXFrameworksBuildPhase section */
		9FC517061ECAB604006BC8D2 /* Frameworks */ = {
			isa = PBXFrameworksBuildPhase;
			buildActionMask = 2147483647;
			files = (
			);
			runOnlyForDeploymentPostprocessing = 0;
		};
/* End PBXFrameworksBuildPhase section */

/* Begin PBXGroup section */
		9FC517001ECAB604006BC8D2 = {
			isa = PBXGroup;
			children = (
				9FC5170B1ECAB605006BC8D2 /* beastbutton */,
				9FC5170A1ECAB605006BC8D2 /* Products */,
			);
			sourceTree = "<group>";
		};
		9FC5170A1ECAB605006BC8D2 /* Products */ = {
			isa = PBXGroup;
			children = (
				9FC517091ECAB605006BC8D2 /* beastbutton.app */,
			);
			name = Products;
			sourceTree = "<group>";
		};
		9FC5170B1ECAB605006BC8D2 /* beastbutton */ = {
			isa = PBXGroup;
			children = (
				9FC5170C1ECAB605006BC8D2 /* AppDelegate.swift */,
				9FC5170E1ECAB605006BC8D2 /* ViewController.swift */,
				9FC517101ECAB605006BC8D2 /* Main.storyboard */,
				9FC517131ECAB605006BC8D2 /* Assets.xcassets */,
				9FC517151ECAB605006BC8D2 /* LaunchScreen.storyboard */,
				9FC517181ECAB605006BC8D2 /* Info.plist */,
			);
			path = beastbutton;
			sourceTree = "<group>";
		};
/* End PBXGroup section */

/* Begin PBXNativeTarget section */
		9FC517081ECAB604006BC8D2 /* beastbutton */ = {
			isa = PBXNativeTarget;
			buildConfigurationList = 9FC5171B1ECAB605006BC8D2 /* Build configuration list for PBXNativeTarget "beastbutton" */;
			buildPhases = (
				9FC517051ECAB604006BC8D2 /* Sources */,
				9FC517061ECAB604006BC8D2 /* Frameworks */,
				9FC517071ECAB604006BC8D2 /* Resources */,
			);
			buildRules = (
			);
			dependencies = (
			);
			name = beastbutton;
			productName = beastbutton;
			productReference = 9FC517091ECAB605006BC8D2 /* beastbutton.app */;
			productType = "com.apple.product-type.application";
		};
/* End PBXNativeTarget section */

/* Begin PBXProject section */
		9FC517011ECAB604006BC8D2 /* Project object */ = {
			isa = PBXProject;
			attributes = {
				LastSwiftUpdateCheck = 0830;
				LastUpgradeCheck = 0830;
				ORGANIZATIONNAME = "Ryan Holstein";
				TargetAttributes = {
					9FC517081ECAB604006BC8D2 = {
						CreatedOnToolsVersion = 8.3.2;
						ProvisioningStyle = Automatic;
					};
				};
			};
			buildConfigurationList = 9FC517041ECAB604006BC8D2 /* Build configuration list for PBXProject "beastbutton" */;
			compatibilityVersion = "Xcode 3.2";
			developmentRegion = English;
			hasScannedForEncodings = 0;
			knownRegions = (
				en,
				Base,
			);
			mainGroup = 9FC517001ECAB604006BC8D2;
			productRefGroup = 9FC5170A1ECAB605006BC8D2 /* Products */;
			projectDirPath = "";
			projectRoot = "";
			targets = (
				9FC517081ECAB604006BC8D2 /* beastbutton */,
			);
		};
/* End PBXProject section */

/* Begin PBXResourcesBuildPhase section */
		9FC517071ECAB604006BC8D2 /* Resources */ = {
			isa = PBXResourcesBuildPhase;
			buildActionMask = 2147483647;
			files = (
				9FC517171ECAB605006BC8D2 /* LaunchScreen.storyboard in Resources */,
				9FC517141ECAB605006BC8D2 /* Assets.xcassets in Resources */,
				9FC517121ECAB605006BC8D2 /* Main.storyboard in Resources */,
			);
			runOnlyForDeploymentPostprocessing = 0;
		};
/* End PBXResourcesBuildPhase section */

/* Begin PBXSourcesBuildPhase section */
		9FC517051ECAB604006BC8D2 /* Sources */ = {
			isa = PBXSourcesBuildPhase;
			buildActionMask = 2147483647;
			files = (
				9FC5170F1ECAB605006BC8D2 /* ViewController.swift in Sources */,
				9FC5170D1ECAB605006BC8D2 /* AppDelegate.swift in Sources */,
			);
			runOnlyForDeploymentPostprocessing = 0;
		};
/* End PBXSourcesBuildPhase section */

/* Begin PBXVariantGroup section */
		9FC517101ECAB605006BC8D2 /* Main.storyboard */ = {
			isa = PBXVariantGroup;
			children = (
				9FC517111ECAB605006BC8D2 /* Base */,
			);
			name = Main.storyboard;
			sourceTree = "<group>";
		};
		9FC517151ECAB605006BC8D2 /* LaunchScreen.storyboard */ = {
			isa = PBXVariantGroup;
			children = (
				9FC517161ECAB605006BC8D2 /* Base */,
			);
			name = LaunchScreen.storyboard;
			sourceTree = "<group>";
		};
/* End PBXVariantGroup section */

/* Begin XCBuildConfiguration section */
		9FC517191ECAB605006BC8D2 /* Debug */ = {
			isa = XCBuildConfiguration;
			buildSettings = {
				ALWAYS_SEARCH_USER_PATHS = NO;
				CLANG_ANALYZER_NONNULL = YES;
				CLANG_ANALYZER_NUMBER_OBJECT_CONVERSION = YES_AGGRESSIVE;
				CLANG_CXX_LANGUAGE_STANDARD = "gnu++0x";
				CLANG_CXX_LIBRARY = "libc++";
				CLANG_ENABLE_MODULES = YES;
				CLANG_ENABLE_OBJC_ARC = YES;
				CLANG_WARN_BOOL_CONVERSION = YES;
				CLANG_WARN_CONSTANT_CONVERSION = YES;
				CLANG_WARN_DIRECT_OBJC_ISA_USAGE = YES_ERROR;
				CLANG_WARN_DOCUMENTATION_COMMENTS = YES;
				CLANG_WARN_EMPTY_BODY = YES;
				CLANG_WARN_ENUM_CONVERSION = YES;
				CLANG_WARN_INFINITE_RECURSION = YES;
				CLANG_WARN_INT_CONVERSION = YES;
				CLANG_WARN_OBJC_ROOT_CLASS = YES_ERROR;
				CLANG_WARN_SUSPICIOUS_MOVE = YES;
				CLANG_WARN_UNREACHABLE_CODE = YES;
				CLANG_WARN__DUPLICATE_METHOD_MATCH = YES;
				"CODE_SIGN_IDENTITY[sdk=iphoneos*]" = "iPhone Developer";
				COPY_PHASE_STRIP = NO;
				DEBUG_INFORMATION_FORMAT = dwarf;
				ENABLE_STRICT_OBJC_MSGSEND = YES;
				ENABLE_TESTABILITY = YES;
				GCC_C_LANGUAGE_STANDARD = gnu99;
				GCC_DYNAMIC_NO_PIC = NO;
				GCC_NO_COMMON_BLOCKS = YES;
				GCC_OPTIMIZATION_LEVEL = 0;
				GCC_PREPROCESSOR_DEFINITIONS = (
					"DEBUG=1",
					"$(inherited)",
				);
				GCC_WARN_64_TO_32_BIT_CONVERSION = YES;
				GCC_WARN_ABOUT_RETURN_TYPE = YES_ERROR;
				GCC_WARN_UNDECLARED_SELECTOR = YES;
				GCC_WARN_UNINITIALIZED_AUTOS = YES_AGGRESSIVE;
				GCC_WARN_UNUSED_FUNCTION = YES;
				GCC_WARN_UNUSED_VARIABLE = YES;
				IPHONEOS_DEPLOYMENT_TARGET = 10.3;
				MTL_ENABLE_DEBUG_INFO = YES;
				ONLY_ACTIVE_ARCH = YES;
				SDKROOT = iphoneos;
				SWIFT_ACTIVE_COMPILATION_CONDITIONS = DEBUG;
				SWIFT_OPTIMIZATION_LEVEL = "-Onone";
				TARGETED_DEVICE_FAMILY = "1,2";
			};
			name = Debug;
		};
		9FC5171A1ECAB605006BC8D2 /* Release */ = {
			isa = XCBuildConfiguration;
			buildSettings = {
				ALWAYS_SEARCH_USER_PATHS = NO;
				CLANG_ANALYZER_NONNULL = YES;
				CLANG_ANALYZER_NUMBER_OBJECT_CONVERSION = YES_AGGRESSIVE;
				CLANG_CXX_LANGUAGE_STANDARD = "gnu++0x";
				CLANG_CXX_LIBRARY = "libc++";
				CLANG_ENABLE_MODULES = YES;
				CLANG_ENABLE_OBJC_ARC = YES;
				CLANG_WARN_BOOL_CONVERSION = YES;
				CLANG_WARN_CONSTANT_CONVERSION = YES;
				CLANG_WARN_DIRECT_OBJC_ISA_USAGE = YES_ERROR;
				CLANG_WARN_DOCUMENTATION_COMMENTS = YES;
				CLANG_WARN_EMPTY_BODY = YES;
				CLANG_WARN_ENUM_CONVERSION = YES;
				CLANG_WARN_INFINITE_RECURSION = YES;
				CLANG_WARN_INT_CONVERSION = YES;
				CLANG_WARN_OBJC_ROOT_CLASS = YES_ERROR;
				CLANG_WARN_SUSPICIOUS_MOVE = YES;
				CLANG_WARN_UNREACHABLE_CODE = YES;
				CLANG_WARN__DUPLICATE_METHOD_MATCH = YES;
				"CODE_SIGN_IDENTITY[sdk=iphoneos*]" = "iPhone Developer";
				COPY_PHASE_STRIP = NO;
				DEBUG_INFORMATION_FORMAT = "dwarf-with-dsym";
				ENABLE_NS_ASSERTIONS = NO;
				ENABLE_STRICT_OBJC_MSGSEND = YES;
				GCC_C_LANGUAGE_STANDARD = gnu99;
				GCC_NO_COMMON_BLOCKS = YES;
				GCC_WARN_64_TO_32_BIT_CONVERSION = YES;
				GCC_WARN_ABOUT_RETURN_TYPE = YES_ERROR;
				GCC_WARN_UNDECLARED_SELECTOR = YES;
				GCC_WARN_UNINITIALIZED_AUTOS = YES_AGGRESSIVE;
				GCC_WARN_UNUSED_FUNCTION = YES;
				GCC_WARN_UNUSED_VARIABLE = YES;
				IPHONEOS_DEPLOYMENT_TARGET = 10.3;
				MTL_ENABLE_DEBUG_INFO = NO;
				SDKROOT = iphoneos;
				SWIFT_OPTIMIZATION_LEVEL = "-Owholemodule";
				TARGETED_DEVICE_FAMILY = "1,2";
				VALIDATE_PRODUCT = YES;
			};
			name = Release;
		};
		9FC5171C1ECAB605006BC8D2 /* Debug */ = {
			isa = XCBuildConfiguration;
			buildSettings = {
				ASSETCATALOG_COMPILER_APPICON_NAME = AppIcon;
				INFOPLIST_FILE = beastbutton/Info.plist;
				LD_RUNPATH_SEARCH_PATHS = "$(inherited) @executable_path/Frameworks";
				PRODUCT_BUNDLE_IDENTIFIER = codingDojo.beastbutton;
				PRODUCT_NAME = "$(TARGET_NAME)";
				SWIFT_VERSION = 3.0;
			};
			name = Debug;
		};
		9FC5171D1ECAB605006BC8D2 /* Release */ = {
			isa = XCBuildConfiguration;
			buildSettings = {
				ASSETCATALOG_COMPILER_APPICON_NAME = AppIcon;
				INFOPLIST_FILE = beastbutton/Info.plist;
				LD_RUNPATH_SEARCH_PATHS = "$(inherited) @executable_path/Frameworks";
				PRODUCT_BUNDLE_IDENTIFIER = codingDojo.beastbutton;
				PRODUCT_NAME = "$(TARGET_NAME)";
				SWIFT_VERSION = 3.0;
			};
			name = Release;
		};
/* End XCBuildConfiguration section */

/* Begin XCConfigurationList section */
		9FC517041ECAB604006BC8D2 /* Build configuration list for PBXProject "beastbutton" */ = {
			isa = XCConfigurationList;
			buildConfigurations = (
				9FC517191ECAB605006BC8D2 /* Debug */,
				9FC5171A1ECAB605006BC8D2 /* Release */,
			);
			defaultConfigurationIsVisible = 0;
			defaultConfigurationName = Release;
		};
		9FC5171B1ECAB605006BC8D2 /* Build configuration list for PBXNativeTarget "beastbutton" */ = {
			isa = XCConfigurationList;
			buildConfigurations = (
				9FC5171C1ECAB605006BC8D2 /* Debug */,
				9FC5171D1ECAB605006BC8D2 /* Release */,
			);
			defaultConfigurationIsVisible = 0;
		};
/* End XCConfigurationList section */
	};
	rootObject = 9FC517011ECAB604006BC8D2 /* Project object */;
}
