// !$*UTF8*$!
{
	archiveVersion = 1;
	classes = {
	};
	objectVersion = 46;
	objects = {

/* Begin PBXBuildFile section */
		9F63FD511ED27A25008DD324 /* CustomCell.swift in Sources */ = {isa = PBXBuildFile; fileRef = 9F63FD501ED27A25008DD324 /* CustomCell.swift */; };
		9F63FD531ED27BF4008DD324 /* ShowViewController.swift in Sources */ = {isa = PBXBuildFile; fileRef = 9F63FD521ED27BF4008DD324 /* ShowViewController.swift */; };
		9FAA65EB1ED2765F00728563 /* AppDelegate.swift in Sources */ = {isa = PBXBuildFile; fileRef = 9FAA65EA1ED2765F00728563 /* AppDelegate.swift */; };
		9FAA65ED1ED2765F00728563 /* MyTableViewController.swift in Sources */ = {isa = PBXBuildFile; fileRef = 9FAA65EC1ED2765F00728563 /* MyTableViewController.swift */; };
		9FAA65F01ED2765F00728563 /* Main.storyboard in Resources */ = {isa = PBXBuildFile; fileRef = 9FAA65EE1ED2765F00728563 /* Main.storyboard */; };
		9FAA65F31ED2765F00728563 /* NewTodoList.xcdatamodeld in Sources */ = {isa = PBXBuildFile; fileRef = 9FAA65F11ED2765F00728563 /* NewTodoList.xcdatamodeld */; };
		9FAA65F51ED2765F00728563 /* Assets.xcassets in Resources */ = {isa = PBXBuildFile; fileRef = 9FAA65F41ED2765F00728563 /* Assets.xcassets */; };
		9FAA65F81ED2765F00728563 /* LaunchScreen.storyboard in Resources */ = {isa = PBXBuildFile; fileRef = 9FAA65F61ED2765F00728563 /* LaunchScreen.storyboard */; };
/* End PBXBuildFile section */

/* Begin PBXFileReference section */
		9F63FD501ED27A25008DD324 /* CustomCell.swift */ = {isa = PBXFileReference; fileEncoding = 4; lastKnownFileType = sourcecode.swift; path = CustomCell.swift; sourceTree = "<group>"; };
		9F63FD521ED27BF4008DD324 /* ShowViewController.swift */ = {isa = PBXFileReference; fileEncoding = 4; lastKnownFileType = sourcecode.swift; path = ShowViewController.swift; sourceTree = "<group>"; };
		9FAA65E71ED2765F00728563 /* NewTodoList.app */ = {isa = PBXFileReference; explicitFileType = wrapper.application; includeInIndex = 0; path = NewTodoList.app; sourceTree = BUILT_PRODUCTS_DIR; };
		9FAA65EA1ED2765F00728563 /* AppDelegate.swift */ = {isa = PBXFileReference; lastKnownFileType = sourcecode.swift; path = AppDelegate.swift; sourceTree = "<group>"; };
		9FAA65EC1ED2765F00728563 /* MyTableViewController.swift */ = {isa = PBXFileReference; lastKnownFileType = sourcecode.swift; path = MyTableViewController.swift; sourceTree = "<group>"; };
		9FAA65EF1ED2765F00728563 /* Base */ = {isa = PBXFileReference; lastKnownFileType = file.storyboard; name = Base; path = Base.lproj/Main.storyboard; sourceTree = "<group>"; };
		9FAA65F21ED2765F00728563 /* NewTodoList.xcdatamodel */ = {isa = PBXFileReference; lastKnownFileType = wrapper.xcdatamodel; path = NewTodoList.xcdatamodel; sourceTree = "<group>"; };
		9FAA65F41ED2765F00728563 /* Assets.xcassets */ = {isa = PBXFileReference; lastKnownFileType = folder.assetcatalog; path = Assets.xcassets; sourceTree = "<group>"; };
		9FAA65F71ED2765F00728563 /* Base */ = {isa = PBXFileReference; lastKnownFileType = file.storyboard; name = Base; path = Base.lproj/LaunchScreen.storyboard; sourceTree = "<group>"; };
		9FAA65F91ED2765F00728563 /* Info.plist */ = {isa = PBXFileReference; lastKnownFileType = text.plist.xml; path = Info.plist; sourceTree = "<group>"; };
/* End PBXFileReference section */

/* Begin PBXFrameworksBuildPhase section */
		9FAA65E41ED2765F00728563 /* Frameworks */ = {
			isa = PBXFrameworksBuildPhase;
			buildActionMask = 2147483647;
			files = (
			);
			runOnlyForDeploymentPostprocessing = 0;
		};
/* End PBXFrameworksBuildPhase section */

/* Begin PBXGroup section */
		9FAA65DE1ED2765F00728563 = {
			isa = PBXGroup;
			children = (
				9FAA65E91ED2765F00728563 /* NewTodoList */,
				9FAA65E81ED2765F00728563 /* Products */,
			);
			sourceTree = "<group>";
		};
		9FAA65E81ED2765F00728563 /* Products */ = {
			isa = PBXGroup;
			children = (
				9FAA65E71ED2765F00728563 /* NewTodoList.app */,
			);
			name = Products;
			sourceTree = "<group>";
		};
		9FAA65E91ED2765F00728563 /* NewTodoList */ = {
			isa = PBXGroup;
			children = (
				9FAA65EA1ED2765F00728563 /* AppDelegate.swift */,
				9FAA65EC1ED2765F00728563 /* MyTableViewController.swift */,
				9F63FD521ED27BF4008DD324 /* ShowViewController.swift */,
				9FAA65EE1ED2765F00728563 /* Main.storyboard */,
				9F63FD501ED27A25008DD324 /* CustomCell.swift */,
				9FAA65F41ED2765F00728563 /* Assets.xcassets */,
				9FAA65F61ED2765F00728563 /* LaunchScreen.storyboard */,
				9FAA65F91ED2765F00728563 /* Info.plist */,
				9FAA65F11ED2765F00728563 /* NewTodoList.xcdatamodeld */,
			);
			path = NewTodoList;
			sourceTree = "<group>";
		};
/* End PBXGroup section */

/* Begin PBXNativeTarget section */
		9FAA65E61ED2765F00728563 /* NewTodoList */ = {
			isa = PBXNativeTarget;
			buildConfigurationList = 9FAA65FC1ED2765F00728563 /* Build configuration list for PBXNativeTarget "NewTodoList" */;
			buildPhases = (
				9FAA65E31ED2765F00728563 /* Sources */,
				9FAA65E41ED2765F00728563 /* Frameworks */,
				9FAA65E51ED2765F00728563 /* Resources */,
			);
			buildRules = (
			);
			dependencies = (
			);
			name = NewTodoList;
			productName = NewTodoList;
			productReference = 9FAA65E71ED2765F00728563 /* NewTodoList.app */;
			productType = "com.apple.product-type.application";
		};
/* End PBXNativeTarget section */

/* Begin PBXProject section */
		9FAA65DF1ED2765F00728563 /* Project object */ = {
			isa = PBXProject;
			attributes = {
				LastSwiftUpdateCheck = 0830;
				LastUpgradeCheck = 0830;
				ORGANIZATIONNAME = "Ryan Holstein";
				TargetAttributes = {
					9FAA65E61ED2765F00728563 = {
						CreatedOnToolsVersion = 8.3.2;
						ProvisioningStyle = Automatic;
					};
				};
			};
			buildConfigurationList = 9FAA65E21ED2765F00728563 /* Build configuration list for PBXProject "NewTodoList" */;
			compatibilityVersion = "Xcode 3.2";
			developmentRegion = English;
			hasScannedForEncodings = 0;
			knownRegions = (
				en,
				Base,
			);
			mainGroup = 9FAA65DE1ED2765F00728563;
			productRefGroup = 9FAA65E81ED2765F00728563 /* Products */;
			projectDirPath = "";
			projectRoot = "";
			targets = (
				9FAA65E61ED2765F00728563 /* NewTodoList */,
			);
		};
/* End PBXProject section */

/* Begin PBXResourcesBuildPhase section */
		9FAA65E51ED2765F00728563 /* Resources */ = {
			isa = PBXResourcesBuildPhase;
			buildActionMask = 2147483647;
			files = (
				9FAA65F81ED2765F00728563 /* LaunchScreen.storyboard in Resources */,
				9FAA65F51ED2765F00728563 /* Assets.xcassets in Resources */,
				9FAA65F01ED2765F00728563 /* Main.storyboard in Resources */,
			);
			runOnlyForDeploymentPostprocessing = 0;
		};
/* End PBXResourcesBuildPhase section */

/* Begin PBXSourcesBuildPhase section */
		9FAA65E31ED2765F00728563 /* Sources */ = {
			isa = PBXSourcesBuildPhase;
			buildActionMask = 2147483647;
			files = (
				9F63FD531ED27BF4008DD324 /* ShowViewController.swift in Sources */,
				9FAA65ED1ED2765F00728563 /* MyTableViewController.swift in Sources */,
				9FAA65F31ED2765F00728563 /* NewTodoList.xcdatamodeld in Sources */,
				9F63FD511ED27A25008DD324 /* CustomCell.swift in Sources */,
				9FAA65EB1ED2765F00728563 /* AppDelegate.swift in Sources */,
			);
			runOnlyForDeploymentPostprocessing = 0;
		};
/* End PBXSourcesBuildPhase section */

/* Begin PBXVariantGroup section */
		9FAA65EE1ED2765F00728563 /* Main.storyboard */ = {
			isa = PBXVariantGroup;
			children = (
				9FAA65EF1ED2765F00728563 /* Base */,
			);
			name = Main.storyboard;
			sourceTree = "<group>";
		};
		9FAA65F61ED2765F00728563 /* LaunchScreen.storyboard */ = {
			isa = PBXVariantGroup;
			children = (
				9FAA65F71ED2765F00728563 /* Base */,
			);
			name = LaunchScreen.storyboard;
			sourceTree = "<group>";
		};
/* End PBXVariantGroup section */

/* Begin XCBuildConfiguration section */
		9FAA65FA1ED2765F00728563 /* Debug */ = {
			isa = XCBuildConfiguration;
			buildSettings = {
				ALWAYS_SEARCH_USER_PATHS = NO;
				CLANG_ANALYZER_NONNULL = YES;
				CLANG_ANALYZER_NUMBER_OBJECT_CONVERSION = YES_AGGRESSIVE;
				CLANG_CXX_LANGUAGE_STANDARD = "gnu++0x";
				CLANG_CXX_LIBRARY = "libc++";
				CLANG_ENABLE_MODULES = YES;
				CLANG_ENABLE_OBJC_ARC = YES;
				CLANG_WARN_BOOL_CONVERSION = YES;
				CLANG_WARN_CONSTANT_CONVERSION = YES;
				CLANG_WARN_DIRECT_OBJC_ISA_USAGE = YES_ERROR;
				CLANG_WARN_DOCUMENTATION_COMMENTS = YES;
				CLANG_WARN_EMPTY_BODY = YES;
				CLANG_WARN_ENUM_CONVERSION = YES;
				CLANG_WARN_INFINITE_RECURSION = YES;
				CLANG_WARN_INT_CONVERSION = YES;
				CLANG_WARN_OBJC_ROOT_CLASS = YES_ERROR;
				CLANG_WARN_SUSPICIOUS_MOVE = YES;
				CLANG_WARN_UNREACHABLE_CODE = YES;
				CLANG_WARN__DUPLICATE_METHOD_MATCH = YES;
				"CODE_SIGN_IDENTITY[sdk=iphoneos*]" = "iPhone Developer";
				COPY_PHASE_STRIP = NO;
				DEBUG_INFORMATION_FORMAT = dwarf;
				ENABLE_STRICT_OBJC_MSGSEND = YES;
				ENABLE_TESTABILITY = YES;
				GCC_C_LANGUAGE_STANDARD = gnu99;
				GCC_DYNAMIC_NO_PIC = NO;
				GCC_NO_COMMON_BLOCKS = YES;
				GCC_OPTIMIZATION_LEVEL = 0;
				GCC_PREPROCESSOR_DEFINITIONS = (
					"DEBUG=1",
					"$(inherited)",
				);
				GCC_WARN_64_TO_32_BIT_CONVERSION = YES;
				GCC_WARN_ABOUT_RETURN_TYPE = YES_ERROR;
				GCC_WARN_UNDECLARED_SELECTOR = YES;
				GCC_WARN_UNINITIALIZED_AUTOS = YES_AGGRESSIVE;
				GCC_WARN_UNUSED_FUNCTION = YES;
				GCC_WARN_UNUSED_VARIABLE = YES;
				IPHONEOS_DEPLOYMENT_TARGET = 10.3;
				MTL_ENABLE_DEBUG_INFO = YES;
				ONLY_ACTIVE_ARCH = YES;
				SDKROOT = iphoneos;
				SWIFT_ACTIVE_COMPILATION_CONDITIONS = DEBUG;
				SWIFT_OPTIMIZATION_LEVEL = "-Onone";
				TARGETED_DEVICE_FAMILY = "1,2";
			};
			name = Debug;
		};
		9FAA65FB1ED2765F00728563 /* Release */ = {
			isa = XCBuildConfiguration;
			buildSettings = {
				ALWAYS_SEARCH_USER_PATHS = NO;
				CLANG_ANALYZER_NONNULL = YES;
				CLANG_ANALYZER_NUMBER_OBJECT_CONVERSION = YES_AGGRESSIVE;
				CLANG_CXX_LANGUAGE_STANDARD = "gnu++0x";
				CLANG_CXX_LIBRARY = "libc++";
				CLANG_ENABLE_MODULES = YES;
				CLANG_ENABLE_OBJC_ARC = YES;
				CLANG_WARN_BOOL_CONVERSION = YES;
				CLANG_WARN_CONSTANT_CONVERSION = YES;
				CLANG_WARN_DIRECT_OBJC_ISA_USAGE = YES_ERROR;
				CLANG_WARN_DOCUMENTATION_COMMENTS = YES;
				CLANG_WARN_EMPTY_BODY = YES;
				CLANG_WARN_ENUM_CONVERSION = YES;
				CLANG_WARN_INFINITE_RECURSION = YES;
				CLANG_WARN_INT_CONVERSION = YES;
				CLANG_WARN_OBJC_ROOT_CLASS = YES_ERROR;
				CLANG_WARN_SUSPICIOUS_MOVE = YES;
				CLANG_WARN_UNREACHABLE_CODE = YES;
				CLANG_WARN__DUPLICATE_METHOD_MATCH = YES;
				"CODE_SIGN_IDENTITY[sdk=iphoneos*]" = "iPhone Developer";
				COPY_PHASE_STRIP = NO;
				DEBUG_INFORMATION_FORMAT = "dwarf-with-dsym";
				ENABLE_NS_ASSERTIONS = NO;
				ENABLE_STRICT_OBJC_MSGSEND = YES;
				GCC_C_LANGUAGE_STANDARD = gnu99;
				GCC_NO_COMMON_BLOCKS = YES;
				GCC_WARN_64_TO_32_BIT_CONVERSION = YES;
				GCC_WARN_ABOUT_RETURN_TYPE = YES_ERROR;
				GCC_WARN_UNDECLARED_SELECTOR = YES;
				GCC_WARN_UNINITIALIZED_AUTOS = YES_AGGRESSIVE;
				GCC_WARN_UNUSED_FUNCTION = YES;
				GCC_WARN_UNUSED_VARIABLE = YES;
				IPHONEOS_DEPLOYMENT_TARGET = 10.3;
				MTL_ENABLE_DEBUG_INFO = NO;
				SDKROOT = iphoneos;
				SWIFT_OPTIMIZATION_LEVEL = "-Owholemodule";
				TARGETED_DEVICE_FAMILY = "1,2";
				VALIDATE_PRODUCT = YES;
			};
			name = Release;
		};
		9FAA65FD1ED2765F00728563 /* Debug */ = {
			isa = XCBuildConfiguration;
			buildSettings = {
				ASSETCATALOG_COMPILER_APPICON_NAME = AppIcon;
				INFOPLIST_FILE = NewTodoList/Info.plist;
				LD_RUNPATH_SEARCH_PATHS = "$(inherited) @executable_path/Frameworks";
				PRODUCT_BUNDLE_IDENTIFIER = codingDojo.NewTodoList;
				PRODUCT_NAME = "$(TARGET_NAME)";
				SWIFT_VERSION = 3.0;
			};
			name = Debug;
		};
		9FAA65FE1ED2765F00728563 /* Release */ = {
			isa = XCBuildConfiguration;
			buildSettings = {
				ASSETCATALOG_COMPILER_APPICON_NAME = AppIcon;
				INFOPLIST_FILE = NewTodoList/Info.plist;
				LD_RUNPATH_SEARCH_PATHS = "$(inherited) @executable_path/Frameworks";
				PRODUCT_BUNDLE_IDENTIFIER = codingDojo.NewTodoList;
				PRODUCT_NAME = "$(TARGET_NAME)";
				SWIFT_VERSION = 3.0;
			};
			name = Release;
		};
/* End XCBuildConfiguration section */

/* Begin XCConfigurationList section */
		9FAA65E21ED2765F00728563 /* Build configuration list for PBXProject "NewTodoList" */ = {
			isa = XCConfigurationList;
			buildConfigurations = (
				9FAA65FA1ED2765F00728563 /* Debug */,
				9FAA65FB1ED2765F00728563 /* Release */,
			);
			defaultConfigurationIsVisible = 0;
			defaultConfigurationName = Release;
		};
		9FAA65FC1ED2765F00728563 /* Build configuration list for PBXNativeTarget "NewTodoList" */ = {
			isa = XCConfigurationList;
			buildConfigurations = (
				9FAA65FD1ED2765F00728563 /* Debug */,
				9FAA65FE1ED2765F00728563 /* Release */,
			);
			defaultConfigurationIsVisible = 0;
			defaultConfigurationName = Release;
		};
/* End XCConfigurationList section */

/* Begin XCVersionGroup section */
		9FAA65F11ED2765F00728563 /* NewTodoList.xcdatamodeld */ = {
			isa = XCVersionGroup;
			children = (
				9FAA65F21ED2765F00728563 /* NewTodoList.xcdatamodel */,
			);
			currentVersion = 9FAA65F21ED2765F00728563 /* NewTodoList.xcdatamodel */;
			path = NewTodoList.xcdatamodeld;
			sourceTree = "<group>";
			versionGroupType = wrapper.xcdatamodel;
		};
/* End XCVersionGroup section */
	};
	rootObject = 9FAA65DF1ED2765F00728563 /* Project object */;
}
