// !$*UTF8*$!
{
	archiveVersion = 1;
	classes = {
	};
	objectVersion = 46;
	objects = {

/* Begin PBXBuildFile section */
		9F2A12141ED36122008ADEE7 /* AppDelegate.swift in Sources */ = {isa = PBXBuildFile; fileRef = 9F2A12131ED36122008ADEE7 /* AppDelegate.swift */; };
		9F2A12161ED36122008ADEE7 /* ViewController.swift in Sources */ = {isa = PBXBuildFile; fileRef = 9F2A12151ED36122008ADEE7 /* ViewController.swift */; };
		9F2A12191ED36122008ADEE7 /* Main.storyboard in Resources */ = {isa = PBXBuildFile; fileRef = 9F2A12171ED36122008ADEE7 /* Main.storyboard */; };
		9F2A121C1ED36122008ADEE7 /* ToDoList_Version2.xcdatamodeld in Sources */ = {isa = PBXBuildFile; fileRef = 9F2A121A1ED36122008ADEE7 /* ToDoList_Version2.xcdatamodeld */; };
		9F2A121E1ED36122008ADEE7 /* Assets.xcassets in Resources */ = {isa = PBXBuildFile; fileRef = 9F2A121D1ED36122008ADEE7 /* Assets.xcassets */; };
		9F2A12211ED36122008ADEE7 /* LaunchScreen.storyboard in Resources */ = {isa = PBXBuildFile; fileRef = 9F2A121F1ED36122008ADEE7 /* LaunchScreen.storyboard */; };
/* End PBXBuildFile section */

/* Begin PBXFileReference section */
		9F2A12101ED36122008ADEE7 /* ToDoList_Version2.app */ = {isa = PBXFileReference; explicitFileType = wrapper.application; includeInIndex = 0; path = ToDoList_Version2.app; sourceTree = BUILT_PRODUCTS_DIR; };
		9F2A12131ED36122008ADEE7 /* AppDelegate.swift */ = {isa = PBXFileReference; lastKnownFileType = sourcecode.swift; path = AppDelegate.swift; sourceTree = "<group>"; };
		9F2A12151ED36122008ADEE7 /* ViewController.swift */ = {isa = PBXFileReference; lastKnownFileType = sourcecode.swift; path = ViewController.swift; sourceTree = "<group>"; };
		9F2A12181ED36122008ADEE7 /* Base */ = {isa = PBXFileReference; lastKnownFileType = file.storyboard; name = Base; path = Base.lproj/Main.storyboard; sourceTree = "<group>"; };
		9F2A121B1ED36122008ADEE7 /* ToDoList_Version2.xcdatamodel */ = {isa = PBXFileReference; lastKnownFileType = wrapper.xcdatamodel; path = ToDoList_Version2.xcdatamodel; sourceTree = "<group>"; };
		9F2A121D1ED36122008ADEE7 /* Assets.xcassets */ = {isa = PBXFileReference; lastKnownFileType = folder.assetcatalog; path = Assets.xcassets; sourceTree = "<group>"; };
		9F2A12201ED36122008ADEE7 /* Base */ = {isa = PBXFileReference; lastKnownFileType = file.storyboard; name = Base; path = Base.lproj/LaunchScreen.storyboard; sourceTree = "<group>"; };
		9F2A12221ED36122008ADEE7 /* Info.plist */ = {isa = PBXFileReference; lastKnownFileType = text.plist.xml; path = Info.plist; sourceTree = "<group>"; };
/* End PBXFileReference section */

/* Begin PBXFrameworksBuildPhase section */
		9F2A120D1ED36122008ADEE7 /* Frameworks */ = {
			isa = PBXFrameworksBuildPhase;
			buildActionMask = 2147483647;
			files = (
			);
			runOnlyForDeploymentPostprocessing = 0;
		};
/* End PBXFrameworksBuildPhase section */

/* Begin PBXGroup section */
		9F2A12071ED36122008ADEE7 = {
			isa = PBXGroup;
			children = (
				9F2A12121ED36122008ADEE7 /* ToDoList_Version2 */,
				9F2A12111ED36122008ADEE7 /* Products */,
			);
			sourceTree = "<group>";
		};
		9F2A12111ED36122008ADEE7 /* Products */ = {
			isa = PBXGroup;
			children = (
				9F2A12101ED36122008ADEE7 /* ToDoList_Version2.app */,
			);
			name = Products;
			sourceTree = "<group>";
		};
		9F2A12121ED36122008ADEE7 /* ToDoList_Version2 */ = {
			isa = PBXGroup;
			children = (
				9F2A12131ED36122008ADEE7 /* AppDelegate.swift */,
				9F2A12151ED36122008ADEE7 /* ViewController.swift */,
				9F2A12171ED36122008ADEE7 /* Main.storyboard */,
				9F2A121D1ED36122008ADEE7 /* Assets.xcassets */,
				9F2A121F1ED36122008ADEE7 /* LaunchScreen.storyboard */,
				9F2A12221ED36122008ADEE7 /* Info.plist */,
				9F2A121A1ED36122008ADEE7 /* ToDoList_Version2.xcdatamodeld */,
			);
			path = ToDoList_Version2;
			sourceTree = "<group>";
		};
/* End PBXGroup section */

/* Begin PBXNativeTarget section */
		9F2A120F1ED36122008ADEE7 /* ToDoList_Version2 */ = {
			isa = PBXNativeTarget;
			buildConfigurationList = 9F2A12251ED36122008ADEE7 /* Build configuration list for PBXNativeTarget "ToDoList_Version2" */;
			buildPhases = (
				9F2A120C1ED36122008ADEE7 /* Sources */,
				9F2A120D1ED36122008ADEE7 /* Frameworks */,
				9F2A120E1ED36122008ADEE7 /* Resources */,
			);
			buildRules = (
			);
			dependencies = (
			);
			name = ToDoList_Version2;
			productName = ToDoList_Version2;
			productReference = 9F2A12101ED36122008ADEE7 /* ToDoList_Version2.app */;
			productType = "com.apple.product-type.application";
		};
/* End PBXNativeTarget section */

/* Begin PBXProject section */
		9F2A12081ED36122008ADEE7 /* Project object */ = {
			isa = PBXProject;
			attributes = {
				LastSwiftUpdateCheck = 0830;
				LastUpgradeCheck = 0830;
				ORGANIZATIONNAME = "Ryan Holstein";
				TargetAttributes = {
					9F2A120F1ED36122008ADEE7 = {
						CreatedOnToolsVersion = 8.3.2;
						ProvisioningStyle = Automatic;
					};
				};
			};
			buildConfigurationList = 9F2A120B1ED36122008ADEE7 /* Build configuration list for PBXProject "ToDoList_Version2" */;
			compatibilityVersion = "Xcode 3.2";
			developmentRegion = English;
			hasScannedForEncodings = 0;
			knownRegions = (
				en,
				Base,
			);
			mainGroup = 9F2A12071ED36122008ADEE7;
			productRefGroup = 9F2A12111ED36122008ADEE7 /* Products */;
			projectDirPath = "";
			projectRoot = "";
			targets = (
				9F2A120F1ED36122008ADEE7 /* ToDoList_Version2 */,
			);
		};
/* End PBXProject section */

/* Begin PBXResourcesBuildPhase section */
		9F2A120E1ED36122008ADEE7 /* Resources */ = {
			isa = PBXResourcesBuildPhase;
			buildActionMask = 2147483647;
			files = (
				9F2A12211ED36122008ADEE7 /* LaunchScreen.storyboard in Resources */,
				9F2A121E1ED36122008ADEE7 /* Assets.xcassets in Resources */,
				9F2A12191ED36122008ADEE7 /* Main.storyboard in Resources */,
			);
			runOnlyForDeploymentPostprocessing = 0;
		};
/* End PBXResourcesBuildPhase section */

/* Begin PBXSourcesBuildPhase section */
		9F2A120C1ED36122008ADEE7 /* Sources */ = {
			isa = PBXSourcesBuildPhase;
			buildActionMask = 2147483647;
			files = (
				9F2A121C1ED36122008ADEE7 /* ToDoList_Version2.xcdatamodeld in Sources */,
				9F2A12161ED36122008ADEE7 /* ViewController.swift in Sources */,
				9F2A12141ED36122008ADEE7 /* AppDelegate.swift in Sources */,
			);
			runOnlyForDeploymentPostprocessing = 0;
		};
/* End PBXSourcesBuildPhase section */

/* Begin PBXVariantGroup section */
		9F2A12171ED36122008ADEE7 /* Main.storyboard */ = {
			isa = PBXVariantGroup;
			children = (
				9F2A12181ED36122008ADEE7 /* Base */,
			);
			name = Main.storyboard;
			sourceTree = "<group>";
		};
		9F2A121F1ED36122008ADEE7 /* LaunchScreen.storyboard */ = {
			isa = PBXVariantGroup;
			children = (
				9F2A12201ED36122008ADEE7 /* Base */,
			);
			name = LaunchScreen.storyboard;
			sourceTree = "<group>";
		};
/* End PBXVariantGroup section */

/* Begin XCBuildConfiguration section */
		9F2A12231ED36122008ADEE7 /* Debug */ = {
			isa = XCBuildConfiguration;
			buildSettings = {
				ALWAYS_SEARCH_USER_PATHS = NO;
				CLANG_ANALYZER_NONNULL = YES;
				CLANG_ANALYZER_NUMBER_OBJECT_CONVERSION = YES_AGGRESSIVE;
				CLANG_CXX_LANGUAGE_STANDARD = "gnu++0x";
				CLANG_CXX_LIBRARY = "libc++";
				CLANG_ENABLE_MODULES = YES;
				CLANG_ENABLE_OBJC_ARC = YES;
				CLANG_WARN_BOOL_CONVERSION = YES;
				CLANG_WARN_CONSTANT_CONVERSION = YES;
				CLANG_WARN_DIRECT_OBJC_ISA_USAGE = YES_ERROR;
				CLANG_WARN_DOCUMENTATION_COMMENTS = YES;
				CLANG_WARN_EMPTY_BODY = YES;
				CLANG_WARN_ENUM_CONVERSION = YES;
				CLANG_WARN_INFINITE_RECURSION = YES;
				CLANG_WARN_INT_CONVERSION = YES;
				CLANG_WARN_OBJC_ROOT_CLASS = YES_ERROR;
				CLANG_WARN_SUSPICIOUS_MOVE = YES;
				CLANG_WARN_UNREACHABLE_CODE = YES;
				CLANG_WARN__DUPLICATE_METHOD_MATCH = YES;
				"CODE_SIGN_IDENTITY[sdk=iphoneos*]" = "iPhone Developer";
				COPY_PHASE_STRIP = NO;
				DEBUG_INFORMATION_FORMAT = dwarf;
				ENABLE_STRICT_OBJC_MSGSEND = YES;
				ENABLE_TESTABILITY = YES;
				GCC_C_LANGUAGE_STANDARD = gnu99;
				GCC_DYNAMIC_NO_PIC = NO;
				GCC_NO_COMMON_BLOCKS = YES;
				GCC_OPTIMIZATION_LEVEL = 0;
				GCC_PREPROCESSOR_DEFINITIONS = (
					"DEBUG=1",
					"$(inherited)",
				);
				GCC_WARN_64_TO_32_BIT_CONVERSION = YES;
				GCC_WARN_ABOUT_RETURN_TYPE = YES_ERROR;
				GCC_WARN_UNDECLARED_SELECTOR = YES;
				GCC_WARN_UNINITIALIZED_AUTOS = YES_AGGRESSIVE;
				GCC_WARN_UNUSED_FUNCTION = YES;
				GCC_WARN_UNUSED_VARIABLE = YES;
				IPHONEOS_DEPLOYMENT_TARGET = 10.3;
				MTL_ENABLE_DEBUG_INFO = YES;
				ONLY_ACTIVE_ARCH = YES;
				SDKROOT = iphoneos;
				SWIFT_ACTIVE_COMPILATION_CONDITIONS = DEBUG;
				SWIFT_OPTIMIZATION_LEVEL = "-Onone";
				TARGETED_DEVICE_FAMILY = "1,2";
			};
			name = Debug;
		};
		9F2A12241ED36122008ADEE7 /* Release */ = {
			isa = XCBuildConfiguration;
			buildSettings = {
				ALWAYS_SEARCH_USER_PATHS = NO;
				CLANG_ANALYZER_NONNULL = YES;
				CLANG_ANALYZER_NUMBER_OBJECT_CONVERSION = YES_AGGRESSIVE;
				CLANG_CXX_LANGUAGE_STANDARD = "gnu++0x";
				CLANG_CXX_LIBRARY = "libc++";
				CLANG_ENABLE_MODULES = YES;
				CLANG_ENABLE_OBJC_ARC = YES;
				CLANG_WARN_BOOL_CONVERSION = YES;
				CLANG_WARN_CONSTANT_CONVERSION = YES;
				CLANG_WARN_DIRECT_OBJC_ISA_USAGE = YES_ERROR;
				CLANG_WARN_DOCUMENTATION_COMMENTS = YES;
				CLANG_WARN_EMPTY_BODY = YES;
				CLANG_WARN_ENUM_CONVERSION = YES;
				CLANG_WARN_INFINITE_RECURSION = YES;
				CLANG_WARN_INT_CONVERSION = YES;
				CLANG_WARN_OBJC_ROOT_CLASS = YES_ERROR;
				CLANG_WARN_SUSPICIOUS_MOVE = YES;
				CLANG_WARN_UNREACHABLE_CODE = YES;
				CLANG_WARN__DUPLICATE_METHOD_MATCH = YES;
				"CODE_SIGN_IDENTITY[sdk=iphoneos*]" = "iPhone Developer";
				COPY_PHASE_STRIP = NO;
				DEBUG_INFORMATION_FORMAT = "dwarf-with-dsym";
				ENABLE_NS_ASSERTIONS = NO;
				ENABLE_STRICT_OBJC_MSGSEND = YES;
				GCC_C_LANGUAGE_STANDARD = gnu99;
				GCC_NO_COMMON_BLOCKS = YES;
				GCC_WARN_64_TO_32_BIT_CONVERSION = YES;
				GCC_WARN_ABOUT_RETURN_TYPE = YES_ERROR;
				GCC_WARN_UNDECLARED_SELECTOR = YES;
				GCC_WARN_UNINITIALIZED_AUTOS = YES_AGGRESSIVE;
				GCC_WARN_UNUSED_FUNCTION = YES;
				GCC_WARN_UNUSED_VARIABLE = YES;
				IPHONEOS_DEPLOYMENT_TARGET = 10.3;
				MTL_ENABLE_DEBUG_INFO = NO;
				SDKROOT = iphoneos;
				SWIFT_OPTIMIZATION_LEVEL = "-Owholemodule";
				TARGETED_DEVICE_FAMILY = "1,2";
				VALIDATE_PRODUCT = YES;
			};
			name = Release;
		};
		9F2A12261ED36122008ADEE7 /* Debug */ = {
			isa = XCBuildConfiguration;
			buildSettings = {
				ASSETCATALOG_COMPILER_APPICON_NAME = AppIcon;
				INFOPLIST_FILE = ToDoList_Version2/Info.plist;
				LD_RUNPATH_SEARCH_PATHS = "$(inherited) @executable_path/Frameworks";
				PRODUCT_BUNDLE_IDENTIFIER = "codingDojo.ToDoList-Version2";
				PRODUCT_NAME = "$(TARGET_NAME)";
				SWIFT_VERSION = 3.0;
			};
			name = Debug;
		};
		9F2A12271ED36122008ADEE7 /* Release */ = {
			isa = XCBuildConfiguration;
			buildSettings = {
				ASSETCATALOG_COMPILER_APPICON_NAME = AppIcon;
				INFOPLIST_FILE = ToDoList_Version2/Info.plist;
				LD_RUNPATH_SEARCH_PATHS = "$(inherited) @executable_path/Frameworks";
				PRODUCT_BUNDLE_IDENTIFIER = "codingDojo.ToDoList-Version2";
				PRODUCT_NAME = "$(TARGET_NAME)";
				SWIFT_VERSION = 3.0;
			};
			name = Release;
		};
/* End XCBuildConfiguration section */

/* Begin XCConfigurationList section */
		9F2A120B1ED36122008ADEE7 /* Build configuration list for PBXProject "ToDoList_Version2" */ = {
			isa = XCConfigurationList;
			buildConfigurations = (
				9F2A12231ED36122008ADEE7 /* Debug */,
				9F2A12241ED36122008ADEE7 /* Release */,
			);
			defaultConfigurationIsVisible = 0;
			defaultConfigurationName = Release;
		};
		9F2A12251ED36122008ADEE7 /* Build configuration list for PBXNativeTarget "ToDoList_Version2" */ = {
			isa = XCConfigurationList;
			buildConfigurations = (
				9F2A12261ED36122008ADEE7 /* Debug */,
				9F2A12271ED36122008ADEE7 /* Release */,
			);
			defaultConfigurationIsVisible = 0;
		};
/* End XCConfigurationList section */

/* Begin XCVersionGroup section */
		9F2A121A1ED36122008ADEE7 /* ToDoList_Version2.xcdatamodeld */ = {
			isa = XCVersionGroup;
			children = (
				9F2A121B1ED36122008ADEE7 /* ToDoList_Version2.xcdatamodel */,
			);
			currentVersion = 9F2A121B1ED36122008ADEE7 /* ToDoList_Version2.xcdatamodel */;
			path = ToDoList_Version2.xcdatamodeld;
			sourceTree = "<group>";
			versionGroupType = wrapper.xcdatamodel;
		};
/* End XCVersionGroup section */
	};
	rootObject = 9F2A12081ED36122008ADEE7 /* Project object */;
}
